{
  "name": "valued",
  "lockfileVersion": 2,
  "requires": true,
  "packages": {
    "": {
      "name": "valued",
      "devDependencies": {
        "@prettier/plugin-ruby": "^1.6.1",
        "prettier": "^2.3.2"
      }
    },
    "node_modules/@prettier/plugin-ruby": {
      "version": "1.6.1",
      "resolved": "https://registry.npmjs.org/@prettier/plugin-ruby/-/plugin-ruby-1.6.1.tgz",
      "integrity": "sha512-PGDCATgVTQz0s/NB9nStiXVCIr+hG/XnKeAO/kguaHrNf8VwCpP5Ul+/KQao0z0QFBy2PDY8kWptfDQCa7WMXg==",
      "dev": true,
      "dependencies": {
        "prettier": ">=1.10"
      }
    },
    "node_modules/prettier": {
      "version": "2.3.2",
      "resolved": "https://registry.npmjs.org/prettier/-/prettier-2.3.2.tgz",
      "integrity": "sha512-lnJzDfJ66zkMy58OL5/NY5zp70S7Nz6KqcKkXYzn2tMVrNxvbqaBpg7H3qHaLxCJ5lNMsGuM8+ohS7cZrthdLQ==",
      "dev": true,
      "bin": {
        "prettier": "bin-prettier.js"
      },
      "engines": {
        "node": ">=10.13.0"
      }
    }
  },
  "dependencies": {
    "@prettier/plugin-ruby": {
      "version": "1.6.1",
      "resolved": "https://registry.npmjs.org/@prettier/plugin-ruby/-/plugin-ruby-1.6.1.tgz",
      "integrity": "sha512-PGDCATgVTQz0s/NB9nStiXVCIr+hG/XnKeAO/kguaHrNf8VwCpP5Ul+/KQao0z0QFBy2PDY8kWptfDQCa7WMXg==",
      "dev": true,
      "requires": {
        "prettier": ">=1.10"
      }
    },
    "prettier": {
      "version": "2.3.2",
      "resolved": "https://registry.npmjs.org/prettier/-/prettier-2.3.2.tgz",
      "integrity": "sha512-lnJzDfJ66zkMy58OL5/NY5zp70S7Nz6KqcKkXYzn2tMVrNxvbqaBpg7H3qHaLxCJ5lNMsGuM8+ohS7cZrthdLQ==",
      "dev": true
    }
  }
}
